
Microsoft Visual Studio Solution File, Format Version 12.00
# Visual Studio Version 17
VisualStudioVersion = 17.7.34031.279
MinimumVisualStudioVersion = 10.0.40219.1
Project("{FAE04EC0-301F-11D3-BF4B-00C04F79EFBC}") = "Statistics8Mitko", "Statistics8Mitko\Statistics8Mitko.csproj", "{564B8BB1-A48E-4023-9874-2E6DAA9E7D98}"
EndProject
Global
	GlobalSection(SolutionConfigurationPlatforms) = preSolution
		Debug|Any CPU = Debug|Any CPU
		Release|Any CPU = Release|Any CPU
	EndGlobalSection
	GlobalSection(ProjectConfigurationPlatforms) = postSolution
		{564B8BB1-A48E-4023-9874-2E6DAA9E7D98}.Debug|Any CPU.ActiveCfg = Debug|Any CPU
		{564B8BB1-A48E-4023-9874-2E6DAA9E7D98}.Debug|Any CPU.Build.0 = Debug|Any CPU
		{564B8BB1-A48E-4023-9874-2E6DAA9E7D98}.Release|Any CPU.ActiveCfg = Release|Any CPU
		{564B8BB1-A48E-4023-9874-2E6DAA9E7D98}.Release|Any CPU.Build.0 = Release|Any CPU
	EndGlobalSection
	GlobalSection(SolutionProperties) = preSolution
		HideSolutionNode = FALSE
	EndGlobalSection
	GlobalSection(ExtensibilityGlobals) = postSolution
		SolutionGuid = {4AD61285-1E2B-49AC-9386-D582B10DD2C2}
	EndGlobalSection
EndGlobal
